
Microsoft Visual Studio Solution File, Format Version 12.00
# Visual Studio Version 16
VisualStudioVersion = 16.0.30002.166
MinimumVisualStudioVersion = 10.0.40219.1
Project("{FAE04EC0-301F-11D3-BF4B-00C04F79EFBC}") = "GITBuild", "GITBuild.csproj", "{1484EED3-1B37-4CD9-9A8C-5AE3E07BECC9}"
EndProject
Project("{FAE04EC0-301F-11D3-BF4B-00C04F79EFBC}") = "GITBuidld.NUnitTestProject", "..\GITBuidld.NUnitTestProject\GITBuidld.NUnitTestProject.csproj", "{A71D205C-EA94-435D-8D5F-70B4758B4211}"
EndProject
Global
	GlobalSection(SolutionConfigurationPlatforms) = preSolution
		Debug|Any CPU = Debug|Any CPU
		Release|Any CPU = Release|Any CPU
	EndGlobalSection
	GlobalSection(ProjectConfigurationPlatforms) = postSolution
		{1484EED3-1B37-4CD9-9A8C-5AE3E07BECC9}.Debug|Any CPU.ActiveCfg = Debug|Any CPU
		{1484EED3-1B37-4CD9-9A8C-5AE3E07BECC9}.Debug|Any CPU.Build.0 = Debug|Any CPU
		{1484EED3-1B37-4CD9-9A8C-5AE3E07BECC9}.Release|Any CPU.ActiveCfg = Release|Any CPU
		{1484EED3-1B37-4CD9-9A8C-5AE3E07BECC9}.Release|Any CPU.Build.0 = Release|Any CPU
		{A71D205C-EA94-435D-8D5F-70B4758B4211}.Debug|Any CPU.ActiveCfg = Debug|Any CPU
		{A71D205C-EA94-435D-8D5F-70B4758B4211}.Debug|Any CPU.Build.0 = Debug|Any CPU
		{A71D205C-EA94-435D-8D5F-70B4758B4211}.Release|Any CPU.ActiveCfg = Release|Any CPU
		{A71D205C-EA94-435D-8D5F-70B4758B4211}.Release|Any CPU.Build.0 = Release|Any CPU
	EndGlobalSection
	GlobalSection(SolutionProperties) = preSolution
		HideSolutionNode = FALSE
	EndGlobalSection
	GlobalSection(ExtensibilityGlobals) = postSolution
		SolutionGuid = {6C84692B-1430-456A-BEED-356A2B32248D}
	EndGlobalSection
EndGlobal
